PODS:
  - Alamofire (5.4.0)
  - AlamofireImage (4.1.0):
    - Alamofire (~> 5.1)
  - Bolts/Tasks (1.9.1)
  - Parse (1.19.1):
    - Parse/Core (= 1.19.1)
  - Parse/Core (1.19.1):
    - Bolts/Tasks (= 1.9.1)

DEPENDENCIES:
  - AlamofireImage
  - Parse

SPEC REPOS:
  trunk:
    - Alamofire
    - AlamofireImage
    - Bolts
    - Parse

SPEC CHECKSUMS:
  Alamofire: 3b6a534a3df22db367e4dedeeca73d1ddfcf0e2f
  AlamofireImage: c4a2ba349885fb3064feb74d2e547bd42ce9be10
  Bolts: 8c1e8aab2f603387b8b9924f57d1d64f43d3ffdc
  Parse: e40fdb9c7d665823b7fe9865949cac9a53eb2ce7

PODFILE CHECKSUM: 8f25501dde0c52b4ed01b94bbb83ebd533446bd6

COCOAPODS: 1.9.3
